// !$*UTF8*$!
{
	archiveVersion = 1;
	classes = {
	};
	objectVersion = 48;
	objects = {

/* Begin PBXBuildFile section */
		9CB248C12068F24A003D8FCD /* AppDelegate.swift in Sources */ = {isa = PBXBuildFile; fileRef = 9CB248C02068F24A003D8FCD /* AppDelegate.swift */; };
		9CB248C32068F24A003D8FCD /* ViewController.swift in Sources */ = {isa = PBXBuildFile; fileRef = 9CB248C22068F24A003D8FCD /* ViewController.swift */; };
		9CB248C62068F24A003D8FCD /* Main.storyboard in Resources */ = {isa = PBXBuildFile; fileRef = 9CB248C42068F24A003D8FCD /* Main.storyboard */; };
		9CB248C82068F24A003D8FCD /* Assets.xcassets in Resources */ = {isa = PBXBuildFile; fileRef = 9CB248C72068F24A003D8FCD /* Assets.xcassets */; };
		9CB248CB2068F24A003D8FCD /* LaunchScreen.storyboard in Resources */ = {isa = PBXBuildFile; fileRef = 9CB248C92068F24A003D8FCD /* LaunchScreen.storyboard */; };
		9CB248D62068F24B003D8FCD /* Flash_ChatTests.swift in Sources */ = {isa = PBXBuildFile; fileRef = 9CB248D52068F24B003D8FCD /* Flash_ChatTests.swift */; };
		9CB248E12068F24B003D8FCD /* Flash_ChatUITests.swift in Sources */ = {isa = PBXBuildFile; fileRef = 9CB248E02068F24B003D8FCD /* Flash_ChatUITests.swift */; };
		9CD3C3A6206AA0A600D9FBAB /* Podfile in Resources */ = {isa = PBXBuildFile; fileRef = 9CD3C3A5206AA0A600D9FBAB /* Podfile */; };
		BEABE4C49193A1E67F14FF04 /* Pods_Flash_Chat.framework in Frameworks */ = {isa = PBXBuildFile; fileRef = EDCF625D41873FD52534595A /* Pods_Flash_Chat.framework */; };
/* End PBXBuildFile section */

/* Begin PBXContainerItemProxy section */
		9CB248D22068F24B003D8FCD /* PBXContainerItemProxy */ = {
			isa = PBXContainerItemProxy;
			containerPortal = 9CB248B52068F24A003D8FCD /* Project object */;
			proxyType = 1;
			remoteGlobalIDString = 9CB248BC2068F24A003D8FCD;
			remoteInfo = "Flash-Chat";
		};
		9CB248DD2068F24B003D8FCD /* PBXContainerItemProxy */ = {
			isa = PBXContainerItemProxy;
			containerPortal = 9CB248B52068F24A003D8FCD /* Project object */;
			proxyType = 1;
			remoteGlobalIDString = 9CB248BC2068F24A003D8FCD;
			remoteInfo = "Flash-Chat";
		};
/* End PBXContainerItemProxy section */

/* Begin PBXFileReference section */
		37290201937DE5F1B6AC3D9D /* Pods-Flash-Chat.debug.xcconfig */ = {isa = PBXFileReference; includeInIndex = 1; lastKnownFileType = text.xcconfig; name = "Pods-Flash-Chat.debug.xcconfig"; path = "Pods/Target Support Files/Pods-Flash-Chat/Pods-Flash-Chat.debug.xcconfig"; sourceTree = "<group>"; };
		3DD0C699DC1B1CE9E5357A3B /* Pods-Flash-Chat.release.xcconfig */ = {isa = PBXFileReference; includeInIndex = 1; lastKnownFileType = text.xcconfig; name = "Pods-Flash-Chat.release.xcconfig"; path = "Pods/Target Support Files/Pods-Flash-Chat/Pods-Flash-Chat.release.xcconfig"; sourceTree = "<group>"; };
		9CB248BD2068F24A003D8FCD /* Demand.app */ = {isa = PBXFileReference; explicitFileType = wrapper.application; includeInIndex = 0; path = Demand.app; sourceTree = BUILT_PRODUCTS_DIR; };
		9CB248C02068F24A003D8FCD /* AppDelegate.swift */ = {isa = PBXFileReference; lastKnownFileType = sourcecode.swift; path = AppDelegate.swift; sourceTree = "<group>"; };
		9CB248C22068F24A003D8FCD /* ViewController.swift */ = {isa = PBXFileReference; lastKnownFileType = sourcecode.swift; path = ViewController.swift; sourceTree = "<group>"; };
		9CB248C52068F24A003D8FCD /* Base */ = {isa = PBXFileReference; lastKnownFileType = file.storyboard; name = Base; path = Base.lproj/Main.storyboard; sourceTree = "<group>"; };
		9CB248C72068F24A003D8FCD /* Assets.xcassets */ = {isa = PBXFileReference; lastKnownFileType = folder.assetcatalog; path = Assets.xcassets; sourceTree = "<group>"; };
		9CB248CA2068F24A003D8FCD /* Base */ = {isa = PBXFileReference; lastKnownFileType = file.storyboard; name = Base; path = Base.lproj/LaunchScreen.storyboard; sourceTree = "<group>"; };
		9CB248CC2068F24A003D8FCD /* Info.plist */ = {isa = PBXFileReference; lastKnownFileType = text.plist.xml; path = Info.plist; sourceTree = "<group>"; };
		9CB248D12068F24B003D8FCD /* DemandTests.xctest */ = {isa = PBXFileReference; explicitFileType = wrapper.cfbundle; includeInIndex = 0; path = DemandTests.xctest; sourceTree = BUILT_PRODUCTS_DIR; };
		9CB248D52068F24B003D8FCD /* Flash_ChatTests.swift */ = {isa = PBXFileReference; lastKnownFileType = sourcecode.swift; path = Flash_ChatTests.swift; sourceTree = "<group>"; };
		9CB248D72068F24B003D8FCD /* Info.plist */ = {isa = PBXFileReference; lastKnownFileType = text.plist.xml; path = Info.plist; sourceTree = "<group>"; };
		9CB248DC2068F24B003D8FCD /* DemandUITests.xctest */ = {isa = PBXFileReference; explicitFileType = wrapper.cfbundle; includeInIndex = 0; path = DemandUITests.xctest; sourceTree = BUILT_PRODUCTS_DIR; };
		9CB248E02068F24B003D8FCD /* Flash_ChatUITests.swift */ = {isa = PBXFileReference; lastKnownFileType = sourcecode.swift; path = Flash_ChatUITests.swift; sourceTree = "<group>"; };
		9CB248E22068F24B003D8FCD /* Info.plist */ = {isa = PBXFileReference; lastKnownFileType = text.plist.xml; path = Info.plist; sourceTree = "<group>"; };
		9CD3C3A5206AA0A600D9FBAB /* Podfile */ = {isa = PBXFileReference; fileEncoding = 4; lastKnownFileType = text; path = Podfile; sourceTree = "<group>"; xcLanguageSpecificationIdentifier = xcode.lang.ruby; };
		EDCF625D41873FD52534595A /* Pods_Flash_Chat.framework */ = {isa = PBXFileReference; explicitFileType = wrapper.framework; includeInIndex = 0; path = Pods_Flash_Chat.framework; sourceTree = BUILT_PRODUCTS_DIR; };
/* End PBXFileReference section */

/* Begin PBXFrameworksBuildPhase section */
		9CB248BA2068F24A003D8FCD /* Frameworks */ = {
			isa = PBXFrameworksBuildPhase;
			buildActionMask = 2147483647;
			files = (
				BEABE4C49193A1E67F14FF04 /* Pods_Flash_Chat.framework in Frameworks */,
			);
			runOnlyForDeploymentPostprocessing = 0;
		};
		9CB248CE2068F24B003D8FCD /* Frameworks */ = {
			isa = PBXFrameworksBuildPhase;
			buildActionMask = 2147483647;
			files = (
			);
			runOnlyForDeploymentPostprocessing = 0;
		};
		9CB248D92068F24B003D8FCD /* Frameworks */ = {
			isa = PBXFrameworksBuildPhase;
			buildActionMask = 2147483647;
			files = (
			);
			runOnlyForDeploymentPostprocessing = 0;
		};
/* End PBXFrameworksBuildPhase section */

/* Begin PBXGroup section */
		97BDFFC090B17B714986CAD5 /* Frameworks */ = {
			isa = PBXGroup;
			children = (
				EDCF625D41873FD52534595A /* Pods_Flash_Chat.framework */,
			);
			name = Frameworks;
			sourceTree = "<group>";
		};
		99FC7CC6164E4F4D61E810BA /* Pods */ = {
			isa = PBXGroup;
			children = (
				37290201937DE5F1B6AC3D9D /* Pods-Flash-Chat.debug.xcconfig */,
				3DD0C699DC1B1CE9E5357A3B /* Pods-Flash-Chat.release.xcconfig */,
			);
			name = Pods;
			sourceTree = "<group>";
		};
		9CB248B42068F24A003D8FCD = {
			isa = PBXGroup;
			children = (
				9CD3C3A5206AA0A600D9FBAB /* Podfile */,
				9CB248BF2068F24A003D8FCD /* Flash-Chat */,
				9CB248D42068F24B003D8FCD /* Flash-ChatTests */,
				9CB248DF2068F24B003D8FCD /* Flash-ChatUITests */,
				9CB248BE2068F24A003D8FCD /* Products */,
				99FC7CC6164E4F4D61E810BA /* Pods */,
				97BDFFC090B17B714986CAD5 /* Frameworks */,
			);
			sourceTree = "<group>";
		};
		9CB248BE2068F24A003D8FCD /* Products */ = {
			isa = PBXGroup;
			children = (
				9CB248BD2068F24A003D8FCD /* Demand.app */,
				9CB248D12068F24B003D8FCD /* DemandTests.xctest */,
				9CB248DC2068F24B003D8FCD /* DemandUITests.xctest */,
			);
			name = Products;
			sourceTree = "<group>";
		};
		9CB248BF2068F24A003D8FCD /* Flash-Chat */ = {
			isa = PBXGroup;
			children = (
				9CB248C02068F24A003D8FCD /* AppDelegate.swift */,
				9CB248C22068F24A003D8FCD /* ViewController.swift */,
				9CB248C42068F24A003D8FCD /* Main.storyboard */,
				9CB248C72068F24A003D8FCD /* Assets.xcassets */,
				9CB248C92068F24A003D8FCD /* LaunchScreen.storyboard */,
				9CB248CC2068F24A003D8FCD /* Info.plist */,
			);
			path = "Flash-Chat";
			sourceTree = "<group>";
		};
		9CB248D42068F24B003D8FCD /* Flash-ChatTests */ = {
			isa = PBXGroup;
			children = (
				9CB248D52068F24B003D8FCD /* Flash_ChatTests.swift */,
				9CB248D72068F24B003D8FCD /* Info.plist */,
			);
			path = "Flash-ChatTests";
			sourceTree = "<group>";
		};
		9CB248DF2068F24B003D8FCD /* Flash-ChatUITests */ = {
			isa = PBXGroup;
			children = (
				9CB248E02068F24B003D8FCD /* Flash_ChatUITests.swift */,
				9CB248E22068F24B003D8FCD /* Info.plist */,
			);
			path = "Flash-ChatUITests";
			sourceTree = "<group>";
		};
/* End PBXGroup section */

/* Begin PBXNativeTarget section */
		9CB248BC2068F24A003D8FCD /* Demand */ = {
			isa = PBXNativeTarget;
			buildConfigurationList = 9CB248E52068F24B003D8FCD /* Build configuration list for PBXNativeTarget "Demand" */;
			buildPhases = (
				B561C4AD38CBD2E992B29027 /* [CP] Check Pods Manifest.lock */,
				9CB248B92068F24A003D8FCD /* Sources */,
				9CB248BA2068F24A003D8FCD /* Frameworks */,
				9CB248BB2068F24A003D8FCD /* Resources */,
				1B4A77C8FF53A7C549758245 /* [CP] Embed Pods Frameworks */,
				F00C4CC51E18D3080CD1AD54 /* [CP] Copy Pods Resources */,
			);
			buildRules = (
			);
			dependencies = (
			);
			name = Demand;
			productName = "Flash-Chat";
			productReference = 9CB248BD2068F24A003D8FCD /* Demand.app */;
			productType = "com.apple.product-type.application";
		};
		9CB248D02068F24B003D8FCD /* DemandTests */ = {
			isa = PBXNativeTarget;
			buildConfigurationList = 9CB248E82068F24B003D8FCD /* Build configuration list for PBXNativeTarget "DemandTests" */;
			buildPhases = (
				9CB248CD2068F24B003D8FCD /* Sources */,
				9CB248CE2068F24B003D8FCD /* Frameworks */,
				9CB248CF2068F24B003D8FCD /* Resources */,
			);
			buildRules = (
			);
			dependencies = (
				9CB248D32068F24B003D8FCD /* PBXTargetDependency */,
			);
			name = DemandTests;
			productName = "Flash-ChatTests";
			productReference = 9CB248D12068F24B003D8FCD /* DemandTests.xctest */;
			productType = "com.apple.product-type.bundle.unit-test";
		};
		9CB248DB2068F24B003D8FCD /* DemandUITests */ = {
			isa = PBXNativeTarget;
			buildConfigurationList = 9CB248EB2068F24B003D8FCD /* Build configuration list for PBXNativeTarget "DemandUITests" */;
			buildPhases = (
				9CB248D82068F24B003D8FCD /* Sources */,
				9CB248D92068F24B003D8FCD /* Frameworks */,
				9CB248DA2068F24B003D8FCD /* Resources */,
			);
			buildRules = (
			);
			dependencies = (
				9CB248DE2068F24B003D8FCD /* PBXTargetDependency */,
			);
			name = DemandUITests;
			productName = "Flash-ChatUITests";
			productReference = 9CB248DC2068F24B003D8FCD /* DemandUITests.xctest */;
			productType = "com.apple.product-type.bundle.ui-testing";
		};
/* End PBXNativeTarget section */

/* Begin PBXProject section */
		9CB248B52068F24A003D8FCD /* Project object */ = {
			isa = PBXProject;
			attributes = {
				LastSwiftUpdateCheck = 0920;
				LastUpgradeCheck = 0920;
				ORGANIZATIONNAME = chenjian;
				TargetAttributes = {
					9CB248BC2068F24A003D8FCD = {
						CreatedOnToolsVersion = 9.2;
						ProvisioningStyle = Automatic;
					};
					9CB248D02068F24B003D8FCD = {
						CreatedOnToolsVersion = 9.2;
						ProvisioningStyle = Automatic;
						TestTargetID = 9CB248BC2068F24A003D8FCD;
					};
					9CB248DB2068F24B003D8FCD = {
						CreatedOnToolsVersion = 9.2;
						ProvisioningStyle = Automatic;
						TestTargetID = 9CB248BC2068F24A003D8FCD;
					};
				};
			};
			buildConfigurationList = 9CB248B82068F24A003D8FCD /* Build configuration list for PBXProject "Demand" */;
			compatibilityVersion = "Xcode 8.0";
			developmentRegion = en;
			hasScannedForEncodings = 0;
			knownRegions = (
				en,
				Base,
			);
			mainGroup = 9CB248B42068F24A003D8FCD;
			productRefGroup = 9CB248BE2068F24A003D8FCD /* Products */;
			projectDirPath = "";
			projectRoot = "";
			targets = (
				9CB248BC2068F24A003D8FCD /* Demand */,
				9CB248D02068F24B003D8FCD /* DemandTests */,
				9CB248DB2068F24B003D8FCD /* DemandUITests */,
			);
		};
/* End PBXProject section */

/* Begin PBXResourcesBuildPhase section */
		9CB248BB2068F24A003D8FCD /* Resources */ = {
			isa = PBXResourcesBuildPhase;
			buildActionMask = 2147483647;
			files = (
				9CB248CB2068F24A003D8FCD /* LaunchScreen.storyboard in Resources */,
				9CB248C82068F24A003D8FCD /* Assets.xcassets in Resources */,
				9CD3C3A6206AA0A600D9FBAB /* Podfile in Resources */,
				9CB248C62068F24A003D8FCD /* Main.storyboard in Resources */,
			);
			runOnlyForDeploymentPostprocessing = 0;
		};
		9CB248CF2068F24B003D8FCD /* Resources */ = {
			isa = PBXResourcesBuildPhase;
			buildActionMask = 2147483647;
			files = (
			);
			runOnlyForDeploymentPostprocessing = 0;
		};
		9CB248DA2068F24B003D8FCD /* Resources */ = {
			isa = PBXResourcesBuildPhase;
			buildActionMask = 2147483647;
			files = (
			);
			runOnlyForDeploymentPostprocessing = 0;
		};
/* End PBXResourcesBuildPhase section */

/* Begin PBXShellScriptBuildPhase section */
		1B4A77C8FF53A7C549758245 /* [CP] Embed Pods Frameworks */ = {
			isa = PBXShellScriptBuildPhase;
			buildActionMask = 2147483647;
			files = (
			);
			inputPaths = (
				"${SRCROOT}/Pods/Target Support Files/Pods-Flash-Chat/Pods-Flash-Chat-frameworks.sh",
				"${BUILT_PRODUCTS_DIR}/AWSCognito/AWSCognito.framework",
				"${BUILT_PRODUCTS_DIR}/AWSCore/AWSCore.framework",
				"${BUILT_PRODUCTS_DIR}/AWSDynamoDB/AWSDynamoDB.framework",
				"${BUILT_PRODUCTS_DIR}/AWSS3/AWSS3.framework",
			);
			name = "[CP] Embed Pods Frameworks";
			outputPaths = (
				"${TARGET_BUILD_DIR}/${FRAMEWORKS_FOLDER_PATH}/AWSCognito.framework",
				"${TARGET_BUILD_DIR}/${FRAMEWORKS_FOLDER_PATH}/AWSCore.framework",
				"${TARGET_BUILD_DIR}/${FRAMEWORKS_FOLDER_PATH}/AWSDynamoDB.framework",
				"${TARGET_BUILD_DIR}/${FRAMEWORKS_FOLDER_PATH}/AWSS3.framework",
			);
			runOnlyForDeploymentPostprocessing = 0;
			shellPath = /bin/sh;
			shellScript = "\"${SRCROOT}/Pods/Target Support Files/Pods-Flash-Chat/Pods-Flash-Chat-frameworks.sh\"\n";
			showEnvVarsInLog = 0;
		};
		B561C4AD38CBD2E992B29027 /* [CP] Check Pods Manifest.lock */ = {
			isa = PBXShellScriptBuildPhase;
			buildActionMask = 2147483647;
			files = (
			);
			inputPaths = (
				"${PODS_PODFILE_DIR_PATH}/Podfile.lock",
				"${PODS_ROOT}/Manifest.lock",
			);
			name = "[CP] Check Pods Manifest.lock";
			outputPaths = (
				"$(DERIVED_FILE_DIR)/Pods-Flash-Chat-checkManifestLockResult.txt",
			);
			runOnlyForDeploymentPostprocessing = 0;
			shellPath = /bin/sh;
			shellScript = "diff \"${PODS_PODFILE_DIR_PATH}/Podfile.lock\" \"${PODS_ROOT}/Manifest.lock\" > /dev/null\nif [ $? != 0 ] ; then\n    # print error to STDERR\n    echo \"error: The sandbox is not in sync with the Podfile.lock. Run 'pod install' or update your CocoaPods installation.\" >&2\n    exit 1\nfi\n# This output is used by Xcode 'outputs' to avoid re-running this script phase.\necho \"SUCCESS\" > \"${SCRIPT_OUTPUT_FILE_0}\"\n";
			showEnvVarsInLog = 0;
		};
		F00C4CC51E18D3080CD1AD54 /* [CP] Copy Pods Resources */ = {
			isa = PBXShellScriptBuildPhase;
			buildActionMask = 2147483647;
			files = (
			);
			inputPaths = (
			);
			name = "[CP] Copy Pods Resources";
			outputPaths = (
			);
			runOnlyForDeploymentPostprocessing = 0;
			shellPath = /bin/sh;
			shellScript = "\"${SRCROOT}/Pods/Target Support Files/Pods-Flash-Chat/Pods-Flash-Chat-resources.sh\"\n";
			showEnvVarsInLog = 0;
		};
/* End PBXShellScriptBuildPhase section */

/* Begin PBXSourcesBuildPhase section */
		9CB248B92068F24A003D8FCD /* Sources */ = {
			isa = PBXSourcesBuildPhase;
			buildActionMask = 2147483647;
			files = (
				9CB248C32068F24A003D8FCD /* ViewController.swift in Sources */,
				9CB248C12068F24A003D8FCD /* AppDelegate.swift in Sources */,
			);
			runOnlyForDeploymentPostprocessing = 0;
		};
		9CB248CD2068F24B003D8FCD /* Sources */ = {
			isa = PBXSourcesBuildPhase;
			buildActionMask = 2147483647;
			files = (
				9CB248D62068F24B003D8FCD /* Flash_ChatTests.swift in Sources */,
			);
			runOnlyForDeploymentPostprocessing = 0;
		};
		9CB248D82068F24B003D8FCD /* Sources */ = {
			isa = PBXSourcesBuildPhase;
			buildActionMask = 2147483647;
			files = (
				9CB248E12068F24B003D8FCD /* Flash_ChatUITests.swift in Sources */,
			);
			runOnlyForDeploymentPostprocessing = 0;
		};
/* End PBXSourcesBuildPhase section */

/* Begin PBXTargetDependency section */
		9CB248D32068F24B003D8FCD /* PBXTargetDependency */ = {
			isa = PBXTargetDependency;
			target = 9CB248BC2068F24A003D8FCD /* Demand */;
			targetProxy = 9CB248D22068F24B003D8FCD /* PBXContainerItemProxy */;
		};
		9CB248DE2068F24B003D8FCD /* PBXTargetDependency */ = {
			isa = PBXTargetDependency;
			target = 9CB248BC2068F24A003D8FCD /* Demand */;
			targetProxy = 9CB248DD2068F24B003D8FCD /* PBXContainerItemProxy */;
		};
/* End PBXTargetDependency section */

/* Begin PBXVariantGroup section */
		9CB248C42068F24A003D8FCD /* Main.storyboard */ = {
			isa = PBXVariantGroup;
			children = (
				9CB248C52068F24A003D8FCD /* Base */,
			);
			name = Main.storyboard;
			sourceTree = "<group>";
		};
		9CB248C92068F24A003D8FCD /* LaunchScreen.storyboard */ = {
			isa = PBXVariantGroup;
			children = (
				9CB248CA2068F24A003D8FCD /* Base */,
			);
			name = LaunchScreen.storyboard;
			sourceTree = "<group>";
		};
/* End PBXVariantGroup section */

/* Begin XCBuildConfiguration section */
		9CB248E32068F24B003D8FCD /* Debug */ = {
			isa = XCBuildConfiguration;
			buildSettings = {
				ALWAYS_SEARCH_USER_PATHS = NO;
				CLANG_ANALYZER_NONNULL = YES;
				CLANG_ANALYZER_NUMBER_OBJECT_CONVERSION = YES_AGGRESSIVE;
				CLANG_CXX_LANGUAGE_STANDARD = "gnu++14";
				CLANG_CXX_LIBRARY = "libc++";
				CLANG_ENABLE_MODULES = YES;
				CLANG_ENABLE_OBJC_ARC = YES;
				CLANG_WARN_BLOCK_CAPTURE_AUTORELEASING = YES;
				CLANG_WARN_BOOL_CONVERSION = YES;
				CLANG_WARN_COMMA = YES;
				CLANG_WARN_CONSTANT_CONVERSION = YES;
				CLANG_WARN_DIRECT_OBJC_ISA_USAGE = YES_ERROR;
				CLANG_WARN_DOCUMENTATION_COMMENTS = YES;
				CLANG_WARN_EMPTY_BODY = YES;
				CLANG_WARN_ENUM_CONVERSION = YES;
				CLANG_WARN_INFINITE_RECURSION = YES;
				CLANG_WARN_INT_CONVERSION = YES;
				CLANG_WARN_NON_LITERAL_NULL_CONVERSION = YES;
				CLANG_WARN_OBJC_LITERAL_CONVERSION = YES;
				CLANG_WARN_OBJC_ROOT_CLASS = YES_ERROR;
				CLANG_WARN_RANGE_LOOP_ANALYSIS = YES;
				CLANG_WARN_STRICT_PROTOTYPES = YES;
				CLANG_WARN_SUSPICIOUS_MOVE = YES;
				CLANG_WARN_UNGUARDED_AVAILABILITY = YES_AGGRESSIVE;
				CLANG_WARN_UNREACHABLE_CODE = YES;
				CLANG_WARN__DUPLICATE_METHOD_MATCH = YES;
				CODE_SIGN_IDENTITY = "iPhone Developer";
				COPY_PHASE_STRIP = NO;
				DEBUG_INFORMATION_FORMAT = dwarf;
				ENABLE_STRICT_OBJC_MSGSEND = YES;
				ENABLE_TESTABILITY = YES;
				GCC_C_LANGUAGE_STANDARD = gnu11;
				GCC_DYNAMIC_NO_PIC = NO;
				GCC_NO_COMMON_BLOCKS = YES;
				GCC_OPTIMIZATION_LEVEL = 0;
				GCC_PREPROCESSOR_DEFINITIONS = (
					"DEBUG=1",
					"$(inherited)",
				);
				GCC_WARN_64_TO_32_BIT_CONVERSION = YES;
				GCC_WARN_ABOUT_RETURN_TYPE = YES_ERROR;
				GCC_WARN_UNDECLARED_SELECTOR = YES;
				GCC_WARN_UNINITIALIZED_AUTOS = YES_AGGRESSIVE;
				GCC_WARN_UNUSED_FUNCTION = YES;
				GCC_WARN_UNUSED_VARIABLE = YES;
				IPHONEOS_DEPLOYMENT_TARGET = 11.2;
				MTL_ENABLE_DEBUG_INFO = YES;
				ONLY_ACTIVE_ARCH = YES;
				SDKROOT = iphoneos;
				SWIFT_ACTIVE_COMPILATION_CONDITIONS = DEBUG;
				SWIFT_OPTIMIZATION_LEVEL = "-Onone";
			};
			name = Debug;
		};
		9CB248E42068F24B003D8FCD /* Release */ = {
			isa = XCBuildConfiguration;
			buildSettings = {
				ALWAYS_SEARCH_USER_PATHS = NO;
				CLANG_ANALYZER_NONNULL = YES;
				CLANG_ANALYZER_NUMBER_OBJECT_CONVERSION = YES_AGGRESSIVE;
				CLANG_CXX_LANGUAGE_STANDARD = "gnu++14";
				CLANG_CXX_LIBRARY = "libc++";
				CLANG_ENABLE_MODULES = YES;
				CLANG_ENABLE_OBJC_ARC = YES;
				CLANG_WARN_BLOCK_CAPTURE_AUTORELEASING = YES;
				CLANG_WARN_BOOL_CONVERSION = YES;
				CLANG_WARN_COMMA = YES;
				CLANG_WARN_CONSTANT_CONVERSION = YES;
				CLANG_WARN_DIRECT_OBJC_ISA_USAGE = YES_ERROR;
				CLANG_WARN_DOCUMENTATION_COMMENTS = YES;
				CLANG_WARN_EMPTY_BODY = YES;
				CLANG_WARN_ENUM_CONVERSION = YES;
				CLANG_WARN_INFINITE_RECURSION = YES;
				CLANG_WARN_INT_CONVERSION = YES;
				CLANG_WARN_NON_LITERAL_NULL_CONVERSION = YES;
				CLANG_WARN_OBJC_LITERAL_CONVERSION = YES;
				CLANG_WARN_OBJC_ROOT_CLASS = YES_ERROR;
				CLANG_WARN_RANGE_LOOP_ANALYSIS = YES;
				CLANG_WARN_STRICT_PROTOTYPES = YES;
				CLANG_WARN_SUSPICIOUS_MOVE = YES;
				CLANG_WARN_UNGUARDED_AVAILABILITY = YES_AGGRESSIVE;
				CLANG_WARN_UNREACHABLE_CODE = YES;
				CLANG_WARN__DUPLICATE_METHOD_MATCH = YES;
				CODE_SIGN_IDENTITY = "iPhone Developer";
				COPY_PHASE_STRIP = NO;
				DEBUG_INFORMATION_FORMAT = "dwarf-with-dsym";
				ENABLE_NS_ASSERTIONS = NO;
				ENABLE_STRICT_OBJC_MSGSEND = YES;
				GCC_C_LANGUAGE_STANDARD = gnu11;
				GCC_NO_COMMON_BLOCKS = YES;
				GCC_WARN_64_TO_32_BIT_CONVERSION = YES;
				GCC_WARN_ABOUT_RETURN_TYPE = YES_ERROR;
				GCC_WARN_UNDECLARED_SELECTOR = YES;
				GCC_WARN_UNINITIALIZED_AUTOS = YES_AGGRESSIVE;
				GCC_WARN_UNUSED_FUNCTION = YES;
				GCC_WARN_UNUSED_VARIABLE = YES;
				IPHONEOS_DEPLOYMENT_TARGET = 11.2;
				MTL_ENABLE_DEBUG_INFO = NO;
				SDKROOT = iphoneos;
				SWIFT_OPTIMIZATION_LEVEL = "-Owholemodule";
				VALIDATE_PRODUCT = YES;
			};
			name = Release;
		};
		9CB248E62068F24B003D8FCD /* Debug */ = {
			isa = XCBuildConfiguration;
			baseConfigurationReference = 37290201937DE5F1B6AC3D9D /* Pods-Flash-Chat.debug.xcconfig */;
			buildSettings = {
				ASSETCATALOG_COMPILER_APPICON_NAME = AppIcon;
				CODE_SIGN_STYLE = Automatic;
				DEVELOPMENT_TEAM = 768XWMCERW;
				INFOPLIST_FILE = "Flash-Chat/Info.plist";
				IPHONEOS_DEPLOYMENT_TARGET = 10.3;
				LD_RUNPATH_SEARCH_PATHS = "$(inherited) @executable_path/Frameworks";
				PRODUCT_BUNDLE_IDENTIFIER = "com.josephchen.Flash-Chat";
				PRODUCT_NAME = "$(TARGET_NAME)";
				SWIFT_VERSION = 4.0;
				TARGETED_DEVICE_FAMILY = 1;
			};
			name = Debug;
		};
		9CB248E72068F24B003D8FCD /* Release */ = {
			isa = XCBuildConfiguration;
			baseConfigurationReference = 3DD0C699DC1B1CE9E5357A3B /* Pods-Flash-Chat.release.xcconfig */;
			buildSettings = {
				ASSETCATALOG_COMPILER_APPICON_NAME = AppIcon;
				CODE_SIGN_STYLE = Automatic;
				DEVELOPMENT_TEAM = 768XWMCERW;
				INFOPLIST_FILE = "Flash-Chat/Info.plist";
				IPHONEOS_DEPLOYMENT_TARGET = 10.3;
				LD_RUNPATH_SEARCH_PATHS = "$(inherited) @executable_path/Frameworks";
				PRODUCT_BUNDLE_IDENTIFIER = "com.josephchen.Flash-Chat";
				PRODUCT_NAME = "$(TARGET_NAME)";
				SWIFT_VERSION = 4.0;
				TARGETED_DEVICE_FAMILY = 1;
			};
			name = Release;
		};
		9CB248E92068F24B003D8FCD /* Debug */ = {
			isa = XCBuildConfiguration;
			buildSettings = {
				ALWAYS_EMBED_SWIFT_STANDARD_LIBRARIES = YES;
				BUNDLE_LOADER = "$(TEST_HOST)";
				CODE_SIGN_STYLE = Automatic;
				DEVELOPMENT_TEAM = 768XWMCERW;
				INFOPLIST_FILE = "Flash-ChatTests/Info.plist";
				LD_RUNPATH_SEARCH_PATHS = "$(inherited) @executable_path/Frameworks @loader_path/Frameworks";
				PRODUCT_BUNDLE_IDENTIFIER = "com.josephchen.Flash-ChatTests";
				PRODUCT_NAME = "$(TARGET_NAME)";
				SWIFT_VERSION = 4.0;
				TARGETED_DEVICE_FAMILY = "1,2";
				TEST_HOST = "$(BUILT_PRODUCTS_DIR)/Demand.app/Demand";
			};
			name = Debug;
		};
		9CB248EA2068F24B003D8FCD /* Release */ = {
			isa = XCBuildConfiguration;
			buildSettings = {
				ALWAYS_EMBED_SWIFT_STANDARD_LIBRARIES = YES;
				BUNDLE_LOADER = "$(TEST_HOST)";
				CODE_SIGN_STYLE = Automatic;
				DEVELOPMENT_TEAM = 768XWMCERW;
				INFOPLIST_FILE = "Flash-ChatTests/Info.plist";
				LD_RUNPATH_SEARCH_PATHS = "$(inherited) @executable_path/Frameworks @loader_path/Frameworks";
				PRODUCT_BUNDLE_IDENTIFIER = "com.josephchen.Flash-ChatTests";
				PRODUCT_NAME = "$(TARGET_NAME)";
				SWIFT_VERSION = 4.0;
				TARGETED_DEVICE_FAMILY = "1,2";
				TEST_HOST = "$(BUILT_PRODUCTS_DIR)/Demand.app/Demand";
			};
			name = Release;
		};
		9CB248EC2068F24B003D8FCD /* Debug */ = {
			isa = XCBuildConfiguration;
			buildSettings = {
				ALWAYS_EMBED_SWIFT_STANDARD_LIBRARIES = YES;
				CODE_SIGN_STYLE = Automatic;
				DEVELOPMENT_TEAM = 768XWMCERW;
				INFOPLIST_FILE = "Flash-ChatUITests/Info.plist";
				LD_RUNPATH_SEARCH_PATHS = "$(inherited) @executable_path/Frameworks @loader_path/Frameworks";
				PRODUCT_BUNDLE_IDENTIFIER = "com.josephchen.Flash-ChatUITests";
				PRODUCT_NAME = "$(TARGET_NAME)";
				SWIFT_VERSION = 4.0;
				TARGETED_DEVICE_FAMILY = "1,2";
				TEST_TARGET_NAME = "Flash-Chat";
			};
			name = Debug;
		};
		9CB248ED2068F24B003D8FCD /* Release */ = {
			isa = XCBuildConfiguration;
			buildSettings = {
				ALWAYS_EMBED_SWIFT_STANDARD_LIBRARIES = YES;
				CODE_SIGN_STYLE = Automatic;
				DEVELOPMENT_TEAM = 768XWMCERW;
				INFOPLIST_FILE = "Flash-ChatUITests/Info.plist";
				LD_RUNPATH_SEARCH_PATHS = "$(inherited) @executable_path/Frameworks @loader_path/Frameworks";
				PRODUCT_BUNDLE_IDENTIFIER = "com.josephchen.Flash-ChatUITests";
				PRODUCT_NAME = "$(TARGET_NAME)";
				SWIFT_VERSION = 4.0;
				TARGETED_DEVICE_FAMILY = "1,2";
				TEST_TARGET_NAME = "Flash-Chat";
			};
			name = Release;
		};
/* End XCBuildConfiguration section */

/* Begin XCConfigurationList section */
		9CB248B82068F24A003D8FCD /* Build configuration list for PBXProject "Demand" */ = {
			isa = XCConfigurationList;
			buildConfigurations = (
				9CB248E32068F24B003D8FCD /* Debug */,
				9CB248E42068F24B003D8FCD /* Release */,
			);
			defaultConfigurationIsVisible = 0;
			defaultConfigurationName = Release;
		};
		9CB248E52068F24B003D8FCD /* Build configuration list for PBXNativeTarget "Demand" */ = {
			isa = XCConfigurationList;
			buildConfigurations = (
				9CB248E62068F24B003D8FCD /* Debug */,
				9CB248E72068F24B003D8FCD /* Release */,
			);
			defaultConfigurationIsVisible = 0;
			defaultConfigurationName = Release;
		};
		9CB248E82068F24B003D8FCD /* Build configuration list for PBXNativeTarget "DemandTests" */ = {
			isa = XCConfigurationList;
			buildConfigurations = (
				9CB248E92068F24B003D8FCD /* Debug */,
				9CB248EA2068F24B003D8FCD /* Release */,
			);
			defaultConfigurationIsVisible = 0;
			defaultConfigurationName = Release;
		};
		9CB248EB2068F24B003D8FCD /* Build configuration list for PBXNativeTarget "DemandUITests" */ = {
			isa = XCConfigurationList;
			buildConfigurations = (
				9CB248EC2068F24B003D8FCD /* Debug */,
				9CB248ED2068F24B003D8FCD /* Release */,
			);
			defaultConfigurationIsVisible = 0;
			defaultConfigurationName = Release;
		};
/* End XCConfigurationList section */
	};
	rootObject = 9CB248B52068F24A003D8FCD /* Project object */;
}
